<?xml version="1.0" encoding="utf-8"?>
<Project ToolsVersion="4.0" xmlns="http://schemas.microsoft.com/developer/msbuild/2003">
  <ItemGroup>
    <Filter Include="Resource Files">
      <UniqueIdentifier>{67DA6AB6-F800-4c08-8B7A-83BB121AAD01}</UniqueIdentifier>
      <Extensions>rc;ico;cur;bmp;dlg;rc2;rct;bin;rgs;gif;jpg;jpeg;jpe;resx;tiff;tif;png;wav;mfcribbon-ms</Extensions>
    </Filter>
    <Filter Include="include">
      <UniqueIdentifier>{93995380-89BD-4b04-88EB-625FBE52EBFB}</UniqueIdentifier>
      <Extensions>h;hh;hpp;hxx;hm;inl;inc;xsd</Extensions>
    </Filter>
    <Filter Include="src">
      <UniqueIdentifier>{4FC737F1-C7A5-4376-A066-2A32D752A2FF}</UniqueIdentifier>
      <Extensions>cpp;c;cc;cxx;def;odl;idl;hpj;bat;asm;asmx</Extensions>
    </Filter>
    <Filter Include="include\VariableObjects">
      <UniqueIdentifier>{c32450d7-f704-4a48-9976-cf08402a78f5}</UniqueIdentifier>
    </Filter>
  </ItemGroup>
  <ItemGroup>
    <ClInclude Include="include\RegularPolygon.h">
      <Filter>include</Filter>
    </ClInclude>
    <ClInclude Include="include\Triangle.h">
      <Filter>include</Filter>
    </ClInclude>
    <ClInclude Include="include\VariableObjects\Color.h">
      <Filter>include\VariableObjects</Filter>
    </ClInclude>
    <ClInclude Include="include\VariableObjects\Vector3.h">
      <Filter>include\VariableObjects</Filter>
    </ClInclude>
    <ClInclude Include="include\VariableObjects\Shaders.h">
      <Filter>include\VariableObjects</Filter>
    </ClInclude>
    <ClInclude Include="include\DebugVertexController.h">
      <Filter>include</Filter>
    </ClInclude>
    <ClInclude Include="include\Note.h">
      <Filter>include</Filter>
    </ClInclude>
    <ClInclude Include="include\VariableObjects\RenderingObjects.hpp">
      <Filter>include\VariableObjects</Filter>
    </ClInclude>
    <ClInclude Include="include\VariableObjects\Controls.h">
      <Filter>include</Filter>
    </ClInclude>
    <ClInclude Include="include\Conductor.h">
      <Filter>include</Filter>
    </ClInclude>
    <ClInclude Include="include\ChronoTypes.h">
      <Filter>include</Filter>
    </ClInclude>
    <ClInclude Include="include\Errors.h">
      <Filter>include</Filter>
    </ClInclude>
    <ClInclude Include="include\Shader.h">
      <Filter>include</Filter>
    </ClInclude>
    <ClInclude Include="include\Source.h">
      <Filter>include</Filter>
    </ClInclude>
    <ClInclude Include="include\SpriteRenderer.h">
      <Filter>include</Filter>
    </ClInclude>
    <ClInclude Include="include\Texture.h">
      <Filter>include</Filter>
    </ClInclude>
    <ClInclude Include="include\Texture.hpp">
      <Filter>include</Filter>
    </ClInclude>
    <ClInclude Include="include\stb_image.h">
      <Filter>include</Filter>
    </ClInclude>
    <ClInclude Include="include\Shader.hpp">
      <Filter>include</Filter>
    </ClInclude>
  </ItemGroup>
  <ItemGroup>
    <ClCompile Include="src\Color.cpp">
      <Filter>src</Filter>
    </ClCompile>
    <ClCompile Include="src\RegularPolygon.cpp">
      <Filter>src</Filter>
    </ClCompile>
    <ClCompile Include="src\Source.cpp">
      <Filter>src</Filter>
    </ClCompile>
    <ClCompile Include="src\Triangle.cpp">
      <Filter>src</Filter>
    </ClCompile>
    <ClCompile Include="src\Vector3.cpp">
      <Filter>src</Filter>
    </ClCompile>
    <ClCompile Include="src\DebugVertexController.cpp">
      <Filter>src</Filter>
    </ClCompile>
    <ClCompile Include="src\Note.cpp">
      <Filter>src</Filter>
    </ClCompile>
    <ClCompile Include="src\Conductor.cpp">
      <Filter>src</Filter>
    </ClCompile>
    <ClCompile Include="src\glad.c">
      <Filter>src</Filter>
    </ClCompile>
  </ItemGroup>
</Project>